PODS:
  - Charts (3.2.2):
    - Charts/Core (= 3.2.2)
  - Charts/Core (3.2.2)
  - SGChart (0.2.4):
    - Charts

DEPENDENCIES:
  - SGChart (from `../`)

SPEC REPOS:
  https://github.com/cocoapods/specs.git:
    - Charts

EXTERNAL SOURCES:
  SGChart:
    :path: "../"

SPEC CHECKSUMS:
  Charts: f69cf0518b6d1d62608ca504248f1bbe0b6ae77e
  SGChart: a4f9f901e1780375935aee8e6eb9ec24a83a42c5

PODFILE CHECKSUM: 395d9786fe96a36da470c568a93737020c65a37b

COCOAPODS: 1.7.0.beta.3
